Microsoft Visual Studio Solution File, Format Version 12.00
# Visual Studio Version 16
VisualStudioVersion = 16.0.30611.23
MinimumVisualStudioVersion = 10.0.40219.1
Project("{9A19103F-16F7-4668-BE54-9A1E7A4F7556}") = "DamiaanAPI", "DamiaanAPI\DamiaanAPI.csproj", "{C7E3B940-7296-400D-8AE4-7F3B1F25A038}"
EndProject
Project("{FAE04EC0-301F-11D3-BF4B-00C04F79EFBC}") = "DamiaanAPI.Tests", "DamiaanAPI.Tests\DamiaanAPI.Tests.csproj", "{08116605-B052-4642-9617-D2AEF87CB823}"
EndProject
Global
	GlobalSection(SolutionConfigurationPlatforms) = preSolution
		Debug|Any CPU = Debug|Any CPU
		Release|Any CPU = Release|Any CPU
	EndGlobalSection
	GlobalSection(ProjectConfigurationPlatforms) = postSolution
		{C7E3B940-7296-400D-8AE4-7F3B1F25A038}.Debug|Any CPU.ActiveCfg = Debug|Any CPU
		{C7E3B940-7296-400D-8AE4-7F3B1F25A038}.Debug|Any CPU.Build.0 = Debug|Any CPU
		{C7E3B940-7296-400D-8AE4-7F3B1F25A038}.Release|Any CPU.ActiveCfg = Release|Any CPU
		{C7E3B940-7296-400D-8AE4-7F3B1F25A038}.Release|Any CPU.Build.0 = Release|Any CPU
		{08116605-B052-4642-9617-D2AEF87CB823}.Debug|Any CPU.ActiveCfg = Debug|Any CPU
		{08116605-B052-4642-9617-D2AEF87CB823}.Debug|Any CPU.Build.0 = Debug|Any CPU
		{08116605-B052-4642-9617-D2AEF87CB823}.Release|Any CPU.ActiveCfg = Release|Any CPU
		{08116605-B052-4642-9617-D2AEF87CB823}.Release|Any CPU.Build.0 = Release|Any CPU
	EndGlobalSection
	GlobalSection(SolutionProperties) = preSolution
		HideSolutionNode = FALSE
	EndGlobalSection
	GlobalSection(ExtensibilityGlobals) = postSolution
		SolutionGuid = {76DB812D-2565-4E61-93A8-84E50B020F29}
	EndGlobalSection
EndGlobal
